// !$*UTF8*$!
{
	archiveVersion = 1;
	classes = {
	};
	objectVersion = 46;
	objects = {

/* Begin PBXBuildFile section */
		18CAC9A51DD180B9006A328E /* AppDelegate.swift in Sources */ = {isa = PBXBuildFile; fileRef = 18CAC9A41DD180B9006A328E /* AppDelegate.swift */; };
		18CAC9AA1DD180B9006A328E /* Main.storyboard in Resources */ = {isa = PBXBuildFile; fileRef = 18CAC9A81DD180B9006A328E /* Main.storyboard */; };
		18CAC9AC1DD180B9006A328E /* Assets.xcassets in Resources */ = {isa = PBXBuildFile; fileRef = 18CAC9AB1DD180B9006A328E /* Assets.xcassets */; };
		18CAC9AF1DD180B9006A328E /* LaunchScreen.storyboard in Resources */ = {isa = PBXBuildFile; fileRef = 18CAC9AD1DD180B9006A328E /* LaunchScreen.storyboard */; };
		18CAC9C21DD18171006A328E /* Home.storyboard in Resources */ = {isa = PBXBuildFile; fileRef = 18CAC9C01DD18171006A328E /* Home.storyboard */; };
		18CAC9C41DD181B7006A328E /* Rank.storyboard in Resources */ = {isa = PBXBuildFile; fileRef = 18CAC9C31DD181B7006A328E /* Rank.storyboard */; };
		18CAC9C71DD18219006A328E /* Discover.storyboard in Resources */ = {isa = PBXBuildFile; fileRef = 18CAC9C51DD18219006A328E /* Discover.storyboard */; };
		18CAC9C91DD182A4006A328E /* Profile.storyboard in Resources */ = {isa = PBXBuildFile; fileRef = 18CAC9C81DD182A4006A328E /* Profile.storyboard */; };
		18CAC9CC1DD182E7006A328E /* MainViewController.swift in Sources */ = {isa = PBXBuildFile; fileRef = 18CAC9CB1DD182E7006A328E /* MainViewController.swift */; };
		7019E73F1DF3B14C008F913D /* HomeViewController.swift in Sources */ = {isa = PBXBuildFile; fileRef = 7019E73E1DF3B14C008F913D /* HomeViewController.swift */; };
		7019E7411DF3B1EC008F913D /* RankViewController.swift in Sources */ = {isa = PBXBuildFile; fileRef = 7019E7401DF3B1EC008F913D /* RankViewController.swift */; };
		7019E7431DF3B254008F913D /* XMGNavigationController.swift in Sources */ = {isa = PBXBuildFile; fileRef = 7019E7421DF3B254008F913D /* XMGNavigationController.swift */; };
		7019E7461DF3B6B8008F913D /* UIColor-Extension.swift in Sources */ = {isa = PBXBuildFile; fileRef = 7019E7451DF3B6B8008F913D /* UIColor-Extension.swift */; };
		9145B9841E8CDE6F00F8689E /* UIBarButtonItem-Extension.swift in Sources */ = {isa = PBXBuildFile; fileRef = 9145B9831E8CDE6F00F8689E /* UIBarButtonItem-Extension.swift */; };
		9145B98A1E8CE4B500F8689E /* PageContentView.swift in Sources */ = {isa = PBXBuildFile; fileRef = 9145B9881E8CE4B500F8689E /* PageContentView.swift */; };
		9145B98B1E8CE4B500F8689E /* PageTitleView.swift in Sources */ = {isa = PBXBuildFile; fileRef = 9145B9891E8CE4B500F8689E /* PageTitleView.swift */; };
		9145B98E1E8CE52A00F8689E /* Common.swift in Sources */ = {isa = PBXBuildFile; fileRef = 9145B98D1E8CE52A00F8689E /* Common.swift */; };
		9145B9901E8CE5D600F8689E /* RecommendViewController.swift in Sources */ = {isa = PBXBuildFile; fileRef = 9145B98F1E8CE5D600F8689E /* RecommendViewController.swift */; };
		9145B9921E8CE5EB00F8689E /* GameViewController.swift in Sources */ = {isa = PBXBuildFile; fileRef = 9145B9911E8CE5EB00F8689E /* GameViewController.swift */; };
		9145B9941E8CE5F800F8689E /* AmuseViewController.swift in Sources */ = {isa = PBXBuildFile; fileRef = 9145B9931E8CE5F800F8689E /* AmuseViewController.swift */; };
		9145B9961E8CE60400F8689E /* FunnyViewController.swift in Sources */ = {isa = PBXBuildFile; fileRef = 9145B9951E8CE60400F8689E /* FunnyViewController.swift */; };
/* End PBXBuildFile section */

/* Begin PBXFileReference section */
		18CAC9A11DD180B9006A328E /* XMGTV.app */ = {isa = PBXFileReference; explicitFileType = wrapper.application; includeInIndex = 0; path = XMGTV.app; sourceTree = BUILT_PRODUCTS_DIR; };
		18CAC9A41DD180B9006A328E /* AppDelegate.swift */ = {isa = PBXFileReference; lastKnownFileType = sourcecode.swift; path = AppDelegate.swift; sourceTree = "<group>"; };
		18CAC9A91DD180B9006A328E /* Base */ = {isa = PBXFileReference; lastKnownFileType = file.storyboard; name = Base; path = Base.lproj/Main.storyboard; sourceTree = "<group>"; };
		18CAC9AB1DD180B9006A328E /* Assets.xcassets */ = {isa = PBXFileReference; lastKnownFileType = folder.assetcatalog; path = Assets.xcassets; sourceTree = "<group>"; };
		18CAC9AE1DD180B9006A328E /* Base */ = {isa = PBXFileReference; lastKnownFileType = file.storyboard; name = Base; path = Base.lproj/LaunchScreen.storyboard; sourceTree = "<group>"; };
		18CAC9B01DD180B9006A328E /* Info.plist */ = {isa = PBXFileReference; lastKnownFileType = text.plist.xml; path = Info.plist; sourceTree = "<group>"; };
		18CAC9C11DD18171006A328E /* Base */ = {isa = PBXFileReference; lastKnownFileType = file.storyboard; name = Base; path = Base.lproj/Home.storyboard; sourceTree = "<group>"; };
		18CAC9C31DD181B7006A328E /* Rank.storyboard */ = {isa = PBXFileReference; fileEncoding = 4; lastKnownFileType = file.storyboard; name = Rank.storyboard; path = ../../Rank.storyboard; sourceTree = "<group>"; };
		18CAC9C61DD18219006A328E /* Base */ = {isa = PBXFileReference; lastKnownFileType = file.storyboard; name = Base; path = Base.lproj/Discover.storyboard; sourceTree = "<group>"; };
		18CAC9C81DD182A4006A328E /* Profile.storyboard */ = {isa = PBXFileReference; fileEncoding = 4; lastKnownFileType = file.storyboard; name = Profile.storyboard; path = ../../Profile.storyboard; sourceTree = "<group>"; };
		18CAC9CB1DD182E7006A328E /* MainViewController.swift */ = {isa = PBXFileReference; fileEncoding = 4; lastKnownFileType = sourcecode.swift; path = MainViewController.swift; sourceTree = "<group>"; };
		7019E73E1DF3B14C008F913D /* HomeViewController.swift */ = {isa = PBXFileReference; fileEncoding = 4; lastKnownFileType = sourcecode.swift; name = HomeViewController.swift; path = ../HomeViewController.swift; sourceTree = "<group>"; };
		7019E7401DF3B1EC008F913D /* RankViewController.swift */ = {isa = PBXFileReference; fileEncoding = 4; lastKnownFileType = sourcecode.swift; path = RankViewController.swift; sourceTree = "<group>"; };
		7019E7421DF3B254008F913D /* XMGNavigationController.swift */ = {isa = PBXFileReference; fileEncoding = 4; lastKnownFileType = sourcecode.swift; path = XMGNavigationController.swift; sourceTree = "<group>"; };
		7019E7451DF3B6B8008F913D /* UIColor-Extension.swift */ = {isa = PBXFileReference; fileEncoding = 4; lastKnownFileType = sourcecode.swift; path = "UIColor-Extension.swift"; sourceTree = "<group>"; };
		9145B9831E8CDE6F00F8689E /* UIBarButtonItem-Extension.swift */ = {isa = PBXFileReference; fileEncoding = 4; lastKnownFileType = sourcecode.swift; path = "UIBarButtonItem-Extension.swift"; sourceTree = "<group>"; };
		9145B9881E8CE4B500F8689E /* PageContentView.swift */ = {isa = PBXFileReference; fileEncoding = 4; lastKnownFileType = sourcecode.swift; path = PageContentView.swift; sourceTree = "<group>"; };
		9145B9891E8CE4B500F8689E /* PageTitleView.swift */ = {isa = PBXFileReference; fileEncoding = 4; lastKnownFileType = sourcecode.swift; path = PageTitleView.swift; sourceTree = "<group>"; };
		9145B98D1E8CE52A00F8689E /* Common.swift */ = {isa = PBXFileReference; fileEncoding = 4; lastKnownFileType = sourcecode.swift; path = Common.swift; sourceTree = "<group>"; };
		9145B98F1E8CE5D600F8689E /* RecommendViewController.swift */ = {isa = PBXFileReference; fileEncoding = 4; lastKnownFileType = sourcecode.swift; path = RecommendViewController.swift; sourceTree = "<group>"; };
		9145B9911E8CE5EB00F8689E /* GameViewController.swift */ = {isa = PBXFileReference; fileEncoding = 4; lastKnownFileType = sourcecode.swift; path = GameViewController.swift; sourceTree = "<group>"; };
		9145B9931E8CE5F800F8689E /* AmuseViewController.swift */ = {isa = PBXFileReference; fileEncoding = 4; lastKnownFileType = sourcecode.swift; path = AmuseViewController.swift; sourceTree = "<group>"; };
		9145B9951E8CE60400F8689E /* FunnyViewController.swift */ = {isa = PBXFileReference; fileEncoding = 4; lastKnownFileType = sourcecode.swift; path = FunnyViewController.swift; sourceTree = "<group>"; };
/* End PBXFileReference section */

/* Begin PBXFrameworksBuildPhase section */
		18CAC99E1DD180B9006A328E /* Frameworks */ = {
			isa = PBXFrameworksBuildPhase;
			buildActionMask = 2147483647;
			files = (
			);
			runOnlyForDeploymentPostprocessing = 0;
		};
/* End PBXFrameworksBuildPhase section */

/* Begin PBXGroup section */
		18CAC9981DD180B9006A328E = {
			isa = PBXGroup;
			children = (
				18CAC9A31DD180B9006A328E /* XMGTV */,
				18CAC9A21DD180B9006A328E /* Products */,
			);
			sourceTree = "<group>";
		};
		18CAC9A21DD180B9006A328E /* Products */ = {
			isa = PBXGroup;
			children = (
				18CAC9A11DD180B9006A328E /* XMGTV.app */,
			);
			name = Products;
			sourceTree = "<group>";
		};
		18CAC9A31DD180B9006A328E /* XMGTV */ = {
			isa = PBXGroup;
			children = (
				18CAC9B61DD1811A006A328E /* Classes */,
				18CAC9A41DD180B9006A328E /* AppDelegate.swift */,
				18CAC9A81DD180B9006A328E /* Main.storyboard */,
				18CAC9AB1DD180B9006A328E /* Assets.xcassets */,
				18CAC9AD1DD180B9006A328E /* LaunchScreen.storyboard */,
				18CAC9B01DD180B9006A328E /* Info.plist */,
			);
			path = XMGTV;
			sourceTree = "<group>";
		};
		18CAC9B61DD1811A006A328E /* Classes */ = {
			isa = PBXGroup;
			children = (
				9145B98C1E8CE51C00F8689E /* Tools */,
				18CAC9B71DD1811A006A328E /* Base */,
				18CAC9BA1DD1811A006A328E /* Main */,
				18CAC9B91DD1811A006A328E /* Home */,
				18CAC9BE1DD1811A006A328E /* Rank */,
				18CAC9B81DD1811A006A328E /* Discover */,
				18CAC9BD1DD1811A006A328E /* Profile */,
			);
			path = Classes;
			sourceTree = "<group>";
		};
		18CAC9B71DD1811A006A328E /* Base */ = {
			isa = PBXGroup;
			children = (
			);
			path = Base;
			sourceTree = "<group>";
		};
		18CAC9B81DD1811A006A328E /* Discover */ = {
			isa = PBXGroup;
			children = (
				9145B9801E8CDCE200F8689E /* Controller */,
				9145B9811E8CDCE200F8689E /* Model */,
				9145B9821E8CDCE200F8689E /* View */,
				18CAC9C51DD18219006A328E /* Discover.storyboard */,
			);
			path = Discover;
			sourceTree = "<group>";
		};
		18CAC9B91DD1811A006A328E /* Home */ = {
			isa = PBXGroup;
			children = (
				9145B9771E8CDCB900F8689E /* Controller */,
				9145B9781E8CDCB900F8689E /* Model */,
				9145B9791E8CDCB900F8689E /* View */,
				18CAC9C01DD18171006A328E /* Home.storyboard */,
			);
			path = Home;
			sourceTree = "<group>";
		};
		18CAC9BA1DD1811A006A328E /* Main */ = {
			isa = PBXGroup;
			children = (
				9145B9851E8CE47900F8689E /* Model */,
				9145B9861E8CE47900F8689E /* View */,
				7019E7441DF3B696008F913D /* Extension */,
				18CAC9CA1DD182D9006A328E /* Controller */,
			);
			path = Main;
			sourceTree = "<group>";
		};
		18CAC9BD1DD1811A006A328E /* Profile */ = {
			isa = PBXGroup;
			children = (
				9145B97A1E8CDCCC00F8689E /* Controller */,
				9145B97B1E8CDCCC00F8689E /* Model */,
				9145B97C1E8CDCCC00F8689E /* View */,
				18CAC9C81DD182A4006A328E /* Profile.storyboard */,
			);
			path = Profile;
			sourceTree = "<group>";
		};
		18CAC9BE1DD1811A006A328E /* Rank */ = {
			isa = PBXGroup;
			children = (
				9145B97D1E8CDCD800F8689E /* Controller */,
				9145B97E1E8CDCD800F8689E /* Model */,
				9145B97F1E8CDCD800F8689E /* View */,
				18CAC9C31DD181B7006A328E /* Rank.storyboard */,
				7019E7401DF3B1EC008F913D /* RankViewController.swift */,
			);
			path = Rank;
			sourceTree = "<group>";
		};
		18CAC9CA1DD182D9006A328E /* Controller */ = {
			isa = PBXGroup;
			children = (
				18CAC9CB1DD182E7006A328E /* MainViewController.swift */,
				7019E7421DF3B254008F913D /* XMGNavigationController.swift */,
			);
			path = Controller;
			sourceTree = "<group>";
		};
		7019E7441DF3B696008F913D /* Extension */ = {
			isa = PBXGroup;
			children = (
				9145B9831E8CDE6F00F8689E /* UIBarButtonItem-Extension.swift */,
				7019E7451DF3B6B8008F913D /* UIColor-Extension.swift */,
			);
			path = Extension;
			sourceTree = "<group>";
		};
		9145B9771E8CDCB900F8689E /* Controller */ = {
			isa = PBXGroup;
			children = (
				7019E73E1DF3B14C008F913D /* HomeViewController.swift */,
				9145B98F1E8CE5D600F8689E /* RecommendViewController.swift */,
				9145B9911E8CE5EB00F8689E /* GameViewController.swift */,
				9145B9931E8CE5F800F8689E /* AmuseViewController.swift */,
				9145B9951E8CE60400F8689E /* FunnyViewController.swift */,
			);
			path = Controller;
			sourceTree = "<group>";
		};
		9145B9781E8CDCB900F8689E /* Model */ = {
			isa = PBXGroup;
			children = (
			);
			path = Model;
			sourceTree = "<group>";
		};
		9145B9791E8CDCB900F8689E /* View */ = {
			isa = PBXGroup;
			children = (
			);
			path = View;
			sourceTree = "<group>";
		};
		9145B97A1E8CDCCC00F8689E /* Controller */ = {
			isa = PBXGroup;
			children = (
			);
			path = Controller;
			sourceTree = "<group>";
		};
		9145B97B1E8CDCCC00F8689E /* Model */ = {
			isa = PBXGroup;
			children = (
			);
			path = Model;
			sourceTree = "<group>";
		};
		9145B97C1E8CDCCC00F8689E /* View */ = {
			isa = PBXGroup;
			children = (
			);
			path = View;
			sourceTree = "<group>";
		};
		9145B97D1E8CDCD800F8689E /* Controller */ = {
			isa = PBXGroup;
			children = (
			);
			path = Controller;
			sourceTree = "<group>";
		};
		9145B97E1E8CDCD800F8689E /* Model */ = {
			isa = PBXGroup;
			children = (
			);
			path = Model;
			sourceTree = "<group>";
		};
		9145B97F1E8CDCD800F8689E /* View */ = {
			isa = PBXGroup;
			children = (
			);
			path = View;
			sourceTree = "<group>";
		};
		9145B9801E8CDCE200F8689E /* Controller */ = {
			isa = PBXGroup;
			children = (
			);
			path = Controller;
			sourceTree = "<group>";
		};
		9145B9811E8CDCE200F8689E /* Model */ = {
			isa = PBXGroup;
			children = (
			);
			path = Model;
			sourceTree = "<group>";
		};
		9145B9821E8CDCE200F8689E /* View */ = {
			isa = PBXGroup;
			children = (
			);
			path = View;
			sourceTree = "<group>";
		};
		9145B9851E8CE47900F8689E /* Model */ = {
			isa = PBXGroup;
			children = (
			);
			path = Model;
			sourceTree = "<group>";
		};
		9145B9861E8CE47900F8689E /* View */ = {
			isa = PBXGroup;
			children = (
				9145B9871E8CE47900F8689E /* RollPageTitleView */,
			);
			path = View;
			sourceTree = "<group>";
		};
		9145B9871E8CE47900F8689E /* RollPageTitleView */ = {
			isa = PBXGroup;
			children = (
				9145B9881E8CE4B500F8689E /* PageContentView.swift */,
				9145B9891E8CE4B500F8689E /* PageTitleView.swift */,
			);
			path = RollPageTitleView;
			sourceTree = "<group>";
		};
		9145B98C1E8CE51C00F8689E /* Tools */ = {
			isa = PBXGroup;
			children = (
				9145B98D1E8CE52A00F8689E /* Common.swift */,
			);
			path = Tools;
			sourceTree = "<group>";
		};
/* End PBXGroup section */

/* Begin PBXNativeTarget section */
		18CAC9A01DD180B9006A328E /* XMGTV */ = {
			isa = PBXNativeTarget;
			buildConfigurationList = 18CAC9B31DD180B9006A328E /* Build configuration list for PBXNativeTarget "XMGTV" */;
			buildPhases = (
				18CAC99D1DD180B9006A328E /* Sources */,
				18CAC99E1DD180B9006A328E /* Frameworks */,
				18CAC99F1DD180B9006A328E /* Resources */,
			);
			buildRules = (
			);
			dependencies = (
			);
			name = XMGTV;
			productName = XMGTV;
			productReference = 18CAC9A11DD180B9006A328E /* XMGTV.app */;
			productType = "com.apple.product-type.application";
		};
/* End PBXNativeTarget section */

/* Begin PBXProject section */
		18CAC9991DD180B9006A328E /* Project object */ = {
			isa = PBXProject;
			attributes = {
				LastSwiftUpdateCheck = 0810;
				LastUpgradeCheck = 0810;
				ORGANIZATIONNAME = coderwhy;
				TargetAttributes = {
					18CAC9A01DD180B9006A328E = {
						CreatedOnToolsVersion = 8.1;
						ProvisioningStyle = Automatic;
					};
				};
			};
			buildConfigurationList = 18CAC99C1DD180B9006A328E /* Build configuration list for PBXProject "XMGTV" */;
			compatibilityVersion = "Xcode 3.2";
			developmentRegion = English;
			hasScannedForEncodings = 0;
			knownRegions = (
				en,
				Base,
			);
			mainGroup = 18CAC9981DD180B9006A328E;
			productRefGroup = 18CAC9A21DD180B9006A328E /* Products */;
			projectDirPath = "";
			projectRoot = "";
			targets = (
				18CAC9A01DD180B9006A328E /* XMGTV */,
			);
		};
/* End PBXProject section */

/* Begin PBXResourcesBuildPhase section */
		18CAC99F1DD180B9006A328E /* Resources */ = {
			isa = PBXResourcesBuildPhase;
			buildActionMask = 2147483647;
			files = (
				18CAC9C41DD181B7006A328E /* Rank.storyboard in Resources */,
				18CAC9AF1DD180B9006A328E /* LaunchScreen.storyboard in Resources */,
				18CAC9AC1DD180B9006A328E /* Assets.xcassets in Resources */,
				18CAC9AA1DD180B9006A328E /* Main.storyboard in Resources */,
				18CAC9C21DD18171006A328E /* Home.storyboard in Resources */,
				18CAC9C91DD182A4006A328E /* Profile.storyboard in Resources */,
				18CAC9C71DD18219006A328E /* Discover.storyboard in Resources */,
			);
			runOnlyForDeploymentPostprocessing = 0;
		};
/* End PBXResourcesBuildPhase section */

/* Begin PBXSourcesBuildPhase section */
		18CAC99D1DD180B9006A328E /* Sources */ = {
			isa = PBXSourcesBuildPhase;
			buildActionMask = 2147483647;
			files = (
				18CAC9CC1DD182E7006A328E /* MainViewController.swift in Sources */,
				7019E7461DF3B6B8008F913D /* UIColor-Extension.swift in Sources */,
				18CAC9A51DD180B9006A328E /* AppDelegate.swift in Sources */,
				9145B9961E8CE60400F8689E /* FunnyViewController.swift in Sources */,
				9145B98A1E8CE4B500F8689E /* PageContentView.swift in Sources */,
				9145B9921E8CE5EB00F8689E /* GameViewController.swift in Sources */,
				7019E7411DF3B1EC008F913D /* RankViewController.swift in Sources */,
				7019E73F1DF3B14C008F913D /* HomeViewController.swift in Sources */,
				9145B98B1E8CE4B500F8689E /* PageTitleView.swift in Sources */,
				9145B9941E8CE5F800F8689E /* AmuseViewController.swift in Sources */,
				7019E7431DF3B254008F913D /* XMGNavigationController.swift in Sources */,
				9145B98E1E8CE52A00F8689E /* Common.swift in Sources */,
				9145B9841E8CDE6F00F8689E /* UIBarButtonItem-Extension.swift in Sources */,
				9145B9901E8CE5D600F8689E /* RecommendViewController.swift in Sources */,
			);
			runOnlyForDeploymentPostprocessing = 0;
		};
/* End PBXSourcesBuildPhase section */

/* Begin PBXVariantGroup section */
		18CAC9A81DD180B9006A328E /* Main.storyboard */ = {
			isa = PBXVariantGroup;
			children = (
				18CAC9A91DD180B9006A328E /* Base */,
			);
			name = Main.storyboard;
			sourceTree = "<group>";
		};
		18CAC9AD1DD180B9006A328E /* LaunchScreen.storyboard */ = {
			isa = PBXVariantGroup;
			children = (
				18CAC9AE1DD180B9006A328E /* Base */,
			);
			name = LaunchScreen.storyboard;
			sourceTree = "<group>";
		};
		18CAC9C01DD18171006A328E /* Home.storyboard */ = {
			isa = PBXVariantGroup;
			children = (
				18CAC9C11DD18171006A328E /* Base */,
			);
			name = Home.storyboard;
			path = ../..;
			sourceTree = "<group>";
		};
		18CAC9C51DD18219006A328E /* Discover.storyboard */ = {
			isa = PBXVariantGroup;
			children = (
				18CAC9C61DD18219006A328E /* Base */,
			);
			name = Discover.storyboard;
			path = ../..;
			sourceTree = "<group>";
		};
/* End PBXVariantGroup section */

/* Begin XCBuildConfiguration section */
		18CAC9B11DD180B9006A328E /* Debug */ = {
			isa = XCBuildConfiguration;
			buildSettings = {
				ALWAYS_SEARCH_USER_PATHS = NO;
				CLANG_ANALYZER_NONNULL = YES;
				CLANG_CXX_LANGUAGE_STANDARD = "gnu++0x";
				CLANG_CXX_LIBRARY = "libc++";
				CLANG_ENABLE_MODULES = YES;
				CLANG_ENABLE_OBJC_ARC = YES;
				CLANG_WARN_BOOL_CONVERSION = YES;
				CLANG_WARN_CONSTANT_CONVERSION = YES;
				CLANG_WARN_DIRECT_OBJC_ISA_USAGE = YES_ERROR;
				CLANG_WARN_DOCUMENTATION_COMMENTS = YES;
				CLANG_WARN_EMPTY_BODY = YES;
				CLANG_WARN_ENUM_CONVERSION = YES;
				CLANG_WARN_INFINITE_RECURSION = YES;
				CLANG_WARN_INT_CONVERSION = YES;
				CLANG_WARN_OBJC_ROOT_CLASS = YES_ERROR;
				CLANG_WARN_SUSPICIOUS_MOVES = YES;
				CLANG_WARN_UNREACHABLE_CODE = YES;
				CLANG_WARN__DUPLICATE_METHOD_MATCH = YES;
				"CODE_SIGN_IDENTITY[sdk=iphoneos*]" = "iPhone Developer";
				COPY_PHASE_STRIP = NO;
				DEBUG_INFORMATION_FORMAT = dwarf;
				ENABLE_STRICT_OBJC_MSGSEND = YES;
				ENABLE_TESTABILITY = YES;
				GCC_C_LANGUAGE_STANDARD = gnu99;
				GCC_DYNAMIC_NO_PIC = NO;
				GCC_NO_COMMON_BLOCKS = YES;
				GCC_OPTIMIZATION_LEVEL = 0;
				GCC_PREPROCESSOR_DEFINITIONS = (
					"DEBUG=1",
					"$(inherited)",
				);
				GCC_WARN_64_TO_32_BIT_CONVERSION = YES;
				GCC_WARN_ABOUT_RETURN_TYPE = YES_ERROR;
				GCC_WARN_UNDECLARED_SELECTOR = YES;
				GCC_WARN_UNINITIALIZED_AUTOS = YES_AGGRESSIVE;
				GCC_WARN_UNUSED_FUNCTION = YES;
				GCC_WARN_UNUSED_VARIABLE = YES;
				IPHONEOS_DEPLOYMENT_TARGET = 10.1;
				MTL_ENABLE_DEBUG_INFO = YES;
				ONLY_ACTIVE_ARCH = YES;
				SDKROOT = iphoneos;
				SWIFT_ACTIVE_COMPILATION_CONDITIONS = DEBUG;
				SWIFT_OPTIMIZATION_LEVEL = "-Onone";
			};
			name = Debug;
		};
		18CAC9B21DD180B9006A328E /* Release */ = {
			isa = XCBuildConfiguration;
			buildSettings = {
				ALWAYS_SEARCH_USER_PATHS = NO;
				CLANG_ANALYZER_NONNULL = YES;
				CLANG_CXX_LANGUAGE_STANDARD = "gnu++0x";
				CLANG_CXX_LIBRARY = "libc++";
				CLANG_ENABLE_MODULES = YES;
				CLANG_ENABLE_OBJC_ARC = YES;
				CLANG_WARN_BOOL_CONVERSION = YES;
				CLANG_WARN_CONSTANT_CONVERSION = YES;
				CLANG_WARN_DIRECT_OBJC_ISA_USAGE = YES_ERROR;
				CLANG_WARN_DOCUMENTATION_COMMENTS = YES;
				CLANG_WARN_EMPTY_BODY = YES;
				CLANG_WARN_ENUM_CONVERSION = YES;
				CLANG_WARN_INFINITE_RECURSION = YES;
				CLANG_WARN_INT_CONVERSION = YES;
				CLANG_WARN_OBJC_ROOT_CLASS = YES_ERROR;
				CLANG_WARN_SUSPICIOUS_MOVES = YES;
				CLANG_WARN_UNREACHABLE_CODE = YES;
				CLANG_WARN__DUPLICATE_METHOD_MATCH = YES;
				"CODE_SIGN_IDENTITY[sdk=iphoneos*]" = "iPhone Developer";
				COPY_PHASE_STRIP = NO;
				DEBUG_INFORMATION_FORMAT = "dwarf-with-dsym";
				ENABLE_NS_ASSERTIONS = NO;
				ENABLE_STRICT_OBJC_MSGSEND = YES;
				GCC_C_LANGUAGE_STANDARD = gnu99;
				GCC_NO_COMMON_BLOCKS = YES;
				GCC_WARN_64_TO_32_BIT_CONVERSION = YES;
				GCC_WARN_ABOUT_RETURN_TYPE = YES_ERROR;
				GCC_WARN_UNDECLARED_SELECTOR = YES;
				GCC_WARN_UNINITIALIZED_AUTOS = YES_AGGRESSIVE;
				GCC_WARN_UNUSED_FUNCTION = YES;
				GCC_WARN_UNUSED_VARIABLE = YES;
				IPHONEOS_DEPLOYMENT_TARGET = 10.1;
				MTL_ENABLE_DEBUG_INFO = NO;
				SDKROOT = iphoneos;
				SWIFT_OPTIMIZATION_LEVEL = "-Owholemodule";
				VALIDATE_PRODUCT = YES;
			};
			name = Release;
		};
		18CAC9B41DD180B9006A328E /* Debug */ = {
			isa = XCBuildConfiguration;
			buildSettings = {
				ASSETCATALOG_COMPILER_APPICON_NAME = AppIcon;
				ASSETCATALOG_COMPILER_LAUNCHIMAGE_NAME = LaunchImage;
				INFOPLIST_FILE = XMGTV/Info.plist;
				IPHONEOS_DEPLOYMENT_TARGET = 8.0;
				LD_RUNPATH_SEARCH_PATHS = "$(inherited) @executable_path/Frameworks";
				PRODUCT_BUNDLE_IDENTIFIER = com.520it.XMGTV;
				PRODUCT_NAME = "$(TARGET_NAME)";
				SWIFT_VERSION = 3.0;
			};
			name = Debug;
		};
		18CAC9B51DD180B9006A328E /* Release */ = {
			isa = XCBuildConfiguration;
			buildSettings = {
				ASSETCATALOG_COMPILER_APPICON_NAME = AppIcon;
				ASSETCATALOG_COMPILER_LAUNCHIMAGE_NAME = LaunchImage;
				INFOPLIST_FILE = XMGTV/Info.plist;
				IPHONEOS_DEPLOYMENT_TARGET = 8.0;
				LD_RUNPATH_SEARCH_PATHS = "$(inherited) @executable_path/Frameworks";
				PRODUCT_BUNDLE_IDENTIFIER = com.520it.XMGTV;
				PRODUCT_NAME = "$(TARGET_NAME)";
				SWIFT_VERSION = 3.0;
			};
			name = Release;
		};
/* End XCBuildConfiguration section */

/* Begin XCConfigurationList section */
		18CAC99C1DD180B9006A328E /* Build configuration list for PBXProject "XMGTV" */ = {
			isa = XCConfigurationList;
			buildConfigurations = (
				18CAC9B11DD180B9006A328E /* Debug */,
				18CAC9B21DD180B9006A328E /* Release */,
			);
			defaultConfigurationIsVisible = 0;
			defaultConfigurationName = Release;
		};
		18CAC9B31DD180B9006A328E /* Build configuration list for PBXNativeTarget "XMGTV" */ = {
			isa = XCConfigurationList;
			buildConfigurations = (
				18CAC9B41DD180B9006A328E /* Debug */,
				18CAC9B51DD180B9006A328E /* Release */,
			);
			defaultConfigurationIsVisible = 0;
			defaultConfigurationName = Release;
		};
/* End XCConfigurationList section */
	};
	rootObject = 18CAC9991DD180B9006A328E /* Project object */;
}
